// !$*UTF8*$!
{
	archiveVersion = 1;
	classes = {
	};
	objectVersion = 55;
	objects = {

/* Begin PBXBuildFile section */
		3FCD8F04278EE7A2002836FC /* GastosProviderApp.swift in Sources */ = {isa = PBXBuildFile; fileRef = 3FCD8F03278EE7A2002836FC /* GastosProviderApp.swift */; };
		3FCD8F08278EE7B1002836FC /* Assets.xcassets in Resources */ = {isa = PBXBuildFile; fileRef = 3FCD8F07278EE7B1002836FC /* Assets.xcassets */; };
		3FCD8F0B278EE7B1002836FC /* Preview Assets.xcassets in Resources */ = {isa = PBXBuildFile; fileRef = 3FCD8F0A278EE7B1002836FC /* Preview Assets.xcassets */; };
		691286AC279707BF00232975 /* ContentView.swift in Sources */ = {isa = PBXBuildFile; fileRef = 691286AB279707BF00232975 /* ContentView.swift */; };
		691286B02797080F00232975 /* Text.swift in Sources */ = {isa = PBXBuildFile; fileRef = 691286AF2797080F00232975 /* Text.swift */; };
		691286B32797087400232975 /* ManageAccount.swift in Sources */ = {isa = PBXBuildFile; fileRef = 691286B22797087400232975 /* ManageAccount.swift */; };
		691286B527970CA400232975 /* UIScreen.swift in Sources */ = {isa = PBXBuildFile; fileRef = 691286B427970CA400232975 /* UIScreen.swift */; };
		691286B827971FD400232975 /* ImageWithEdit.swift in Sources */ = {isa = PBXBuildFile; fileRef = 691286B727971FD400232975 /* ImageWithEdit.swift */; };
		691B699827CB20DA000F43D9 /* RecentPayments.swift in Sources */ = {isa = PBXBuildFile; fileRef = 691B699727CB20DA000F43D9 /* RecentPayments.swift */; };
		691D663627972A0A00056EA0 /* ManageShop.swift in Sources */ = {isa = PBXBuildFile; fileRef = 691D663527972A0A00056EA0 /* ManageShop.swift */; };
		692996D527CA7058001D9F59 /* HomeScreen.swift in Sources */ = {isa = PBXBuildFile; fileRef = 692996D427CA7058001D9F59 /* HomeScreen.swift */; };
		692996D727CA92EC001D9F59 /* Settings.swift in Sources */ = {isa = PBXBuildFile; fileRef = 692996D627CA92EC001D9F59 /* Settings.swift */; };
		6934C4DE2797FB520097C124 /* ReportAProblem.swift in Sources */ = {isa = PBXBuildFile; fileRef = 6934C4DD2797FB520097C124 /* ReportAProblem.swift */; };
		6934C4E02797FDBC0097C124 /* HelpCenter.swift in Sources */ = {isa = PBXBuildFile; fileRef = 6934C4DF2797FDBC0097C124 /* HelpCenter.swift */; };
		693D6C3D2799ADFD00DF62C4 /* EnterMobileNumber.swift in Sources */ = {isa = PBXBuildFile; fileRef = 693D6C3C2799ADFC00DF62C4 /* EnterMobileNumber.swift */; };
		693D6C3F2799AE3E00DF62C4 /* SetPin.swift in Sources */ = {isa = PBXBuildFile; fileRef = 693D6C3E2799AE3E00DF62C4 /* SetPin.swift */; };
		693D6C412799AE6600DF62C4 /* KeyBoard.swift in Sources */ = {isa = PBXBuildFile; fileRef = 693D6C402799AE6600DF62C4 /* KeyBoard.swift */; };
		693D6C432799AF1700DF62C4 /* EnterPin.swift in Sources */ = {isa = PBXBuildFile; fileRef = 693D6C422799AF1700DF62C4 /* EnterPin.swift */; };
		693D6C452799AF5E00DF62C4 /* OTPPin.swift in Sources */ = {isa = PBXBuildFile; fileRef = 693D6C442799AF5E00DF62C4 /* OTPPin.swift */; };
		693E599627D475AE0086C25C /* SetAQrPrimary.swift in Sources */ = {isa = PBXBuildFile; fileRef = 693E599527D475AE0086C25C /* SetAQrPrimary.swift */; };
		695B871527C60984009C7C40 /* AddQRs.swift in Sources */ = {isa = PBXBuildFile; fileRef = 695B871427C60984009C7C40 /* AddQRs.swift */; };
		695B871727C61380009C7C40 /* ScanQR.swift in Sources */ = {isa = PBXBuildFile; fileRef = 695B871627C6137F009C7C40 /* ScanQR.swift */; };
		69674403279BEB79009FBBC3 /* BasicDetails.swift in Sources */ = {isa = PBXBuildFile; fileRef = 69674402279BEB79009FBBC3 /* BasicDetails.swift */; };
		69674407279BF189009FBBC3 /* ImagePicker.swift in Sources */ = {isa = PBXBuildFile; fileRef = 69674406279BF189009FBBC3 /* ImagePicker.swift */; };
		697AD551279D14A7009042C8 /* UserAgreement.swift in Sources */ = {isa = PBXBuildFile; fileRef = 697AD550279D14A7009042C8 /* UserAgreement.swift */; };
		698F11FB27C343970097E85F /* FirebaseAuth in Frameworks */ = {isa = PBXBuildFile; productRef = 698F11FA27C343970097E85F /* FirebaseAuth */; };
		698F11FD27C343970097E85F /* FirebaseDatabase in Frameworks */ = {isa = PBXBuildFile; productRef = 698F11FC27C343970097E85F /* FirebaseDatabase */; };
		698F11FF27C351E00097E85F /* GoogleService-Info.plist in Resources */ = {isa = PBXBuildFile; fileRef = 698F11FE27C351E00097E85F /* GoogleService-Info.plist */; };
		698F120327C353E80097E85F /* LoginViewModel.swift in Sources */ = {isa = PBXBuildFile; fileRef = 698F120227C353E80097E85F /* LoginViewModel.swift */; };
		69BA2FC02797C0D70086D670 /* AddImagesView.swift in Sources */ = {isa = PBXBuildFile; fileRef = 69BA2FBF2797C0D70086D670 /* AddImagesView.swift */; };
		69C237C1279C476C00A9627A /* SetDiscount.swift in Sources */ = {isa = PBXBuildFile; fileRef = 69C237C0279C476C00A9627A /* SetDiscount.swift */; };
		69C2B5E227984CA10034A440 /* AboutUs.swift in Sources */ = {isa = PBXBuildFile; fileRef = 69C2B5E127984CA10034A440 /* AboutUs.swift */; };
		69C2B5E427984D930034A440 /* PrivacyPolicy.swift in Sources */ = {isa = PBXBuildFile; fileRef = 69C2B5E327984D930034A440 /* PrivacyPolicy.swift */; };
		69C2B5E627984F6D0034A440 /* TermsOfService.swift in Sources */ = {isa = PBXBuildFile; fileRef = 69C2B5E527984F6D0034A440 /* TermsOfService.swift */; };
/* End PBXBuildFile section */

/* Begin PBXFileReference section */
		3FCD8F00278EE7A2002836FC /* GastosProvider.app */ = {isa = PBXFileReference; explicitFileType = wrapper.application; includeInIndex = 0; path = GastosProvider.app; sourceTree = BUILT_PRODUCTS_DIR; };
		3FCD8F03278EE7A2002836FC /* GastosProviderApp.swift */ = {isa = PBXFileReference; lastKnownFileType = sourcecode.swift; path = GastosProviderApp.swift; sourceTree = "<group>"; };
		3FCD8F07278EE7B1002836FC /* Assets.xcassets */ = {isa = PBXFileReference; lastKnownFileType = folder.assetcatalog; path = Assets.xcassets; sourceTree = "<group>"; };
		3FCD8F0A278EE7B1002836FC /* Preview Assets.xcassets */ = {isa = PBXFileReference; lastKnownFileType = folder.assetcatalog; path = "Preview Assets.xcassets"; sourceTree = "<group>"; };
		691286AB279707BF00232975 /* ContentView.swift */ = {isa = PBXFileReference; lastKnownFileType = sourcecode.swift; path = ContentView.swift; sourceTree = "<group>"; };
		691286AF2797080F00232975 /* Text.swift */ = {isa = PBXFileReference; lastKnownFileType = sourcecode.swift; path = Text.swift; sourceTree = "<group>"; };
		691286B22797087400232975 /* ManageAccount.swift */ = {isa = PBXFileReference; lastKnownFileType = sourcecode.swift; path = ManageAccount.swift; sourceTree = "<group>"; };
		691286B427970CA400232975 /* UIScreen.swift */ = {isa = PBXFileReference; lastKnownFileType = sourcecode.swift; path = UIScreen.swift; sourceTree = "<group>"; };
		691286B727971FD400232975 /* ImageWithEdit.swift */ = {isa = PBXFileReference; lastKnownFileType = sourcecode.swift; path = ImageWithEdit.swift; sourceTree = "<group>"; };
		691B699727CB20DA000F43D9 /* RecentPayments.swift */ = {isa = PBXFileReference; lastKnownFileType = sourcecode.swift; path = RecentPayments.swift; sourceTree = "<group>"; };
		691D663527972A0A00056EA0 /* ManageShop.swift */ = {isa = PBXFileReference; lastKnownFileType = sourcecode.swift; path = ManageShop.swift; sourceTree = "<group>"; };
		692996D427CA7058001D9F59 /* HomeScreen.swift */ = {isa = PBXFileReference; lastKnownFileType = sourcecode.swift; path = HomeScreen.swift; sourceTree = "<group>"; };
		692996D627CA92EC001D9F59 /* Settings.swift */ = {isa = PBXFileReference; lastKnownFileType = sourcecode.swift; path = Settings.swift; sourceTree = "<group>"; };
		6934C4DD2797FB520097C124 /* ReportAProblem.swift */ = {isa = PBXFileReference; lastKnownFileType = sourcecode.swift; path = ReportAProblem.swift; sourceTree = "<group>"; };
		6934C4DF2797FDBC0097C124 /* HelpCenter.swift */ = {isa = PBXFileReference; lastKnownFileType = sourcecode.swift; path = HelpCenter.swift; sourceTree = "<group>"; };
		693D6C3C2799ADFC00DF62C4 /* EnterMobileNumber.swift */ = {isa = PBXFileReference; lastKnownFileType = sourcecode.swift; path = EnterMobileNumber.swift; sourceTree = "<group>"; };
		693D6C3E2799AE3E00DF62C4 /* SetPin.swift */ = {isa = PBXFileReference; lastKnownFileType = sourcecode.swift; path = SetPin.swift; sourceTree = "<group>"; };
		693D6C402799AE6600DF62C4 /* KeyBoard.swift */ = {isa = PBXFileReference; lastKnownFileType = sourcecode.swift; path = KeyBoard.swift; sourceTree = "<group>"; };
		693D6C422799AF1700DF62C4 /* EnterPin.swift */ = {isa = PBXFileReference; lastKnownFileType = sourcecode.swift; path = EnterPin.swift; sourceTree = "<group>"; };
		693D6C442799AF5E00DF62C4 /* OTPPin.swift */ = {isa = PBXFileReference; lastKnownFileType = sourcecode.swift; path = OTPPin.swift; sourceTree = "<group>"; };
		693E599527D475AE0086C25C /* SetAQrPrimary.swift */ = {isa = PBXFileReference; lastKnownFileType = sourcecode.swift; path = SetAQrPrimary.swift; sourceTree = "<group>"; };
		695B871427C60984009C7C40 /* AddQRs.swift */ = {isa = PBXFileReference; lastKnownFileType = sourcecode.swift; path = AddQRs.swift; sourceTree = "<group>"; };
		695B871627C6137F009C7C40 /* ScanQR.swift */ = {isa = PBXFileReference; lastKnownFileType = sourcecode.swift; path = ScanQR.swift; sourceTree = "<group>"; };
		69674402279BEB79009FBBC3 /* BasicDetails.swift */ = {isa = PBXFileReference; lastKnownFileType = sourcecode.swift; path = BasicDetails.swift; sourceTree = "<group>"; };
		69674406279BF189009FBBC3 /* ImagePicker.swift */ = {isa = PBXFileReference; lastKnownFileType = sourcecode.swift; path = ImagePicker.swift; sourceTree = "<group>"; };
		697AD550279D14A7009042C8 /* UserAgreement.swift */ = {isa = PBXFileReference; lastKnownFileType = sourcecode.swift; path = UserAgreement.swift; sourceTree = "<group>"; };
		698F11FE27C351E00097E85F /* GoogleService-Info.plist */ = {isa = PBXFileReference; fileEncoding = 4; lastKnownFileType = text.plist.xml; path = "GoogleService-Info.plist"; sourceTree = "<group>"; };
		698F120027C3533E0097E85F /* Info.plist */ = {isa = PBXFileReference; lastKnownFileType = text.plist; path = Info.plist; sourceTree = "<group>"; };
		698F120227C353E80097E85F /* LoginViewModel.swift */ = {isa = PBXFileReference; lastKnownFileType = sourcecode.swift; path = LoginViewModel.swift; sourceTree = "<group>"; };
		69BA2FBF2797C0D70086D670 /* AddImagesView.swift */ = {isa = PBXFileReference; lastKnownFileType = sourcecode.swift; path = AddImagesView.swift; sourceTree = "<group>"; };
		69C237C0279C476C00A9627A /* SetDiscount.swift */ = {isa = PBXFileReference; lastKnownFileType = sourcecode.swift; path = SetDiscount.swift; sourceTree = "<group>"; };
		69C2B5E127984CA10034A440 /* AboutUs.swift */ = {isa = PBXFileReference; lastKnownFileType = sourcecode.swift; path = AboutUs.swift; sourceTree = "<group>"; };
		69C2B5E327984D930034A440 /* PrivacyPolicy.swift */ = {isa = PBXFileReference; lastKnownFileType = sourcecode.swift; path = PrivacyPolicy.swift; sourceTree = "<group>"; };
		69C2B5E527984F6D0034A440 /* TermsOfService.swift */ = {isa = PBXFileReference; lastKnownFileType = sourcecode.swift; path = TermsOfService.swift; sourceTree = "<group>"; };
/* End PBXFileReference section */

/* Begin PBXFrameworksBuildPhase section */
		3FCD8EFD278EE7A2002836FC /* Frameworks */ = {
			isa = PBXFrameworksBuildPhase;
			buildActionMask = 2147483647;
			files = (
				698F11FD27C343970097E85F /* FirebaseDatabase in Frameworks */,
				698F11FB27C343970097E85F /* FirebaseAuth in Frameworks */,
			);
			runOnlyForDeploymentPostprocessing = 0;
		};
/* End PBXFrameworksBuildPhase section */

/* Begin PBXGroup section */
		3FCD8EF7278EE7A2002836FC = {
			isa = PBXGroup;
			children = (
				3FCD8F02278EE7A2002836FC /* GastosProvider */,
				3FCD8F01278EE7A2002836FC /* Products */,
			);
			sourceTree = "<group>";
		};
		3FCD8F01278EE7A2002836FC /* Products */ = {
			isa = PBXGroup;
			children = (
				3FCD8F00278EE7A2002836FC /* GastosProvider.app */,
			);
			name = Products;
			sourceTree = "<group>";
		};
		3FCD8F02278EE7A2002836FC /* GastosProvider */ = {
			isa = PBXGroup;
			children = (
				698F120027C3533E0097E85F /* Info.plist */,
				3FCD8F03278EE7A2002836FC /* GastosProviderApp.swift */,
				698F11FE27C351E00097E85F /* GoogleService-Info.plist */,
				3FCD8F07278EE7B1002836FC /* Assets.xcassets */,
				3FCD8F09278EE7B1002836FC /* Preview Content */,
			);
			path = GastosProvider;
			sourceTree = "<group>";
		};
		3FCD8F09278EE7B1002836FC /* Preview Content */ = {
			isa = PBXGroup;
			children = (
				691B699627CB20AB000F43D9 /* Other Screens */,
				696743FF279BEAC1009FBBC3 /* BasicInfo */,
				693D6C3B2799ADD800DF62C4 /* Entry Screens */,
				691286AE279707FC00232975 /* Extension */,
				69674405279BF171009FBBC3 /* Utility */,
				691286AD279707E900232975 /* Settings */,
				691286AA2797079100232975 /* MainViews */,
				3FCD8F0A278EE7B1002836FC /* Preview Assets.xcassets */,
			);
			path = "Preview Content";
			sourceTree = "<group>";
		};
		691286AA2797079100232975 /* MainViews */ = {
			isa = PBXGroup;
			children = (
				691286AB279707BF00232975 /* ContentView.swift */,
				692996D427CA7058001D9F59 /* HomeScreen.swift */,
			);
			path = MainViews;
			sourceTree = "<group>";
		};
		691286AD279707E900232975 /* Settings */ = {
			isa = PBXGroup;
			children = (
				691286B627971FAD00232975 /* Detail */,
				691286B12797086600232975 /* MainViews */,
			);
			path = Settings;
			sourceTree = "<group>";
		};
		691286AE279707FC00232975 /* Extension */ = {
			isa = PBXGroup;
			children = (
				691286AF2797080F00232975 /* Text.swift */,
				691286B427970CA400232975 /* UIScreen.swift */,
			);
			path = Extension;
			sourceTree = "<group>";
		};
		691286B12797086600232975 /* MainViews */ = {
			isa = PBXGroup;
			children = (
				691286B22797087400232975 /* ManageAccount.swift */,
				691D663527972A0A00056EA0 /* ManageShop.swift */,
				6934C4DD2797FB520097C124 /* ReportAProblem.swift */,
				6934C4DF2797FDBC0097C124 /* HelpCenter.swift */,
				69C2B5E127984CA10034A440 /* AboutUs.swift */,
				69C2B5E327984D930034A440 /* PrivacyPolicy.swift */,
				69C2B5E527984F6D0034A440 /* TermsOfService.swift */,
				692996D627CA92EC001D9F59 /* Settings.swift */,
			);
			path = MainViews;
			sourceTree = "<group>";
		};
		691286B627971FAD00232975 /* Detail */ = {
			isa = PBXGroup;
			children = (
				691286B727971FD400232975 /* ImageWithEdit.swift */,
				69BA2FBF2797C0D70086D670 /* AddImagesView.swift */,
			);
			path = Detail;
			sourceTree = "<group>";
		};
		691B699627CB20AB000F43D9 /* Other Screens */ = {
			isa = PBXGroup;
			children = (
				691B699727CB20DA000F43D9 /* RecentPayments.swift */,
			);
			path = "Other Screens";
			sourceTree = "<group>";
		};
		693D6C3B2799ADD800DF62C4 /* Entry Screens */ = {
			isa = PBXGroup;
			children = (
				698F120127C353D80097E85F /* ViewModel */,
				693D6C3C2799ADFC00DF62C4 /* EnterMobileNumber.swift */,
				693D6C3E2799AE3E00DF62C4 /* SetPin.swift */,
				693D6C402799AE6600DF62C4 /* KeyBoard.swift */,
				693D6C422799AF1700DF62C4 /* EnterPin.swift */,
				693D6C442799AF5E00DF62C4 /* OTPPin.swift */,
			);
			path = "Entry Screens";
			sourceTree = "<group>";
		};
		696743FF279BEAC1009FBBC3 /* BasicInfo */ = {
			isa = PBXGroup;
			children = (
				69674401279BEB58009FBBC3 /* MainViews */,
			);
			path = BasicInfo;
			sourceTree = "<group>";
		};
		69674401279BEB58009FBBC3 /* MainViews */ = {
			isa = PBXGroup;
			children = (
				69674402279BEB79009FBBC3 /* BasicDetails.swift */,
				69C237C0279C476C00A9627A /* SetDiscount.swift */,
				697AD550279D14A7009042C8 /* UserAgreement.swift */,
				695B871427C60984009C7C40 /* AddQRs.swift */,
				695B871627C6137F009C7C40 /* ScanQR.swift */,
				693E599527D475AE0086C25C /* SetAQrPrimary.swift */,
			);
			path = MainViews;
			sourceTree = "<group>";
		};
		69674405279BF171009FBBC3 /* Utility */ = {
			isa = PBXGroup;
			children = (
				69674406279BF189009FBBC3 /* ImagePicker.swift */,
			);
			path = Utility;
			sourceTree = "<group>";
		};
		698F120127C353D80097E85F /* ViewModel */ = {
			isa = PBXGroup;
			children = (
				698F120227C353E80097E85F /* LoginViewModel.swift */,
			);
			path = ViewModel;
			sourceTree = "<group>";
		};
/* End PBXGroup section */

/* Begin PBXNativeTarget section */
		3FCD8EFF278EE7A2002836FC /* GastosProvider */ = {
			isa = PBXNativeTarget;
			buildConfigurationList = 3FCD8F0E278EE7B1002836FC /* Build configuration list for PBXNativeTarget "GastosProvider" */;
			buildPhases = (
				3FCD8EFC278EE7A2002836FC /* Sources */,
				3FCD8EFD278EE7A2002836FC /* Frameworks */,
				3FCD8EFE278EE7A2002836FC /* Resources */,
			);
			buildRules = (
			);
			dependencies = (
			);
			name = GastosProvider;
			packageProductDependencies = (
				698F11FA27C343970097E85F /* FirebaseAuth */,
				698F11FC27C343970097E85F /* FirebaseDatabase */,
			);
			productName = GastosProvider;
			productReference = 3FCD8F00278EE7A2002836FC /* GastosProvider.app */;
			productType = "com.apple.product-type.application";
		};
/* End PBXNativeTarget section */

/* Begin PBXProject section */
		3FCD8EF8278EE7A2002836FC /* Project object */ = {
			isa = PBXProject;
			attributes = {
				BuildIndependentTargetsInParallel = 1;
				LastSwiftUpdateCheck = 1310;
				LastUpgradeCheck = 1310;
				TargetAttributes = {
					3FCD8EFF278EE7A2002836FC = {
						CreatedOnToolsVersion = 13.1;
					};
				};
			};
			buildConfigurationList = 3FCD8EFB278EE7A2002836FC /* Build configuration list for PBXProject "GastosProvider" */;
			compatibilityVersion = "Xcode 13.0";
			developmentRegion = en;
			hasScannedForEncodings = 0;
			knownRegions = (
				en,
				Base,
			);
			mainGroup = 3FCD8EF7278EE7A2002836FC;
			packageReferences = (
				698F11F927C343970097E85F /* XCRemoteSwiftPackageReference "firebase-ios-sdk" */,
			);
			productRefGroup = 3FCD8F01278EE7A2002836FC /* Products */;
			projectDirPath = "";
			projectRoot = "";
			targets = (
				3FCD8EFF278EE7A2002836FC /* GastosProvider */,
			);
		};
/* End PBXProject section */

/* Begin PBXResourcesBuildPhase section */
		3FCD8EFE278EE7A2002836FC /* Resources */ = {
			isa = PBXResourcesBuildPhase;
			buildActionMask = 2147483647;
			files = (
				3FCD8F0B278EE7B1002836FC /* Preview Assets.xcassets in Resources */,
				3FCD8F08278EE7B1002836FC /* Assets.xcassets in Resources */,
				698F11FF27C351E00097E85F /* GoogleService-Info.plist in Resources */,
			);
			runOnlyForDeploymentPostprocessing = 0;
		};
/* End PBXResourcesBuildPhase section */

/* Begin PBXSourcesBuildPhase section */
		3FCD8EFC278EE7A2002836FC /* Sources */ = {
			isa = PBXSourcesBuildPhase;
			buildActionMask = 2147483647;
			files = (
				698F120327C353E80097E85F /* LoginViewModel.swift in Sources */,
				693E599627D475AE0086C25C /* SetAQrPrimary.swift in Sources */,
				69C2B5E627984F6D0034A440 /* TermsOfService.swift in Sources */,
				697AD551279D14A7009042C8 /* UserAgreement.swift in Sources */,
				69C237C1279C476C00A9627A /* SetDiscount.swift in Sources */,
				693D6C432799AF1700DF62C4 /* EnterPin.swift in Sources */,
				691286B32797087400232975 /* ManageAccount.swift in Sources */,
				692996D527CA7058001D9F59 /* HomeScreen.swift in Sources */,
				693D6C452799AF5E00DF62C4 /* OTPPin.swift in Sources */,
				6934C4DE2797FB520097C124 /* ReportAProblem.swift in Sources */,
				69674403279BEB79009FBBC3 /* BasicDetails.swift in Sources */,
				6934C4E02797FDBC0097C124 /* HelpCenter.swift in Sources */,
				691D663627972A0A00056EA0 /* ManageShop.swift in Sources */,
				3FCD8F04278EE7A2002836FC /* GastosProviderApp.swift in Sources */,
				691286B02797080F00232975 /* Text.swift in Sources */,
				691286B827971FD400232975 /* ImageWithEdit.swift in Sources */,
				695B871527C60984009C7C40 /* AddQRs.swift in Sources */,
				693D6C3F2799AE3E00DF62C4 /* SetPin.swift in Sources */,
				691B699827CB20DA000F43D9 /* RecentPayments.swift in Sources */,
				691286AC279707BF00232975 /* ContentView.swift in Sources */,
				693D6C412799AE6600DF62C4 /* KeyBoard.swift in Sources */,
				69BA2FC02797C0D70086D670 /* AddImagesView.swift in Sources */,
				691286B527970CA400232975 /* UIScreen.swift in Sources */,
				693D6C3D2799ADFD00DF62C4 /* EnterMobileNumber.swift in Sources */,
				69674407279BF189009FBBC3 /* ImagePicker.swift in Sources */,
				695B871727C61380009C7C40 /* ScanQR.swift in Sources */,
				692996D727CA92EC001D9F59 /* Settings.swift in Sources */,
				69C2B5E427984D930034A440 /* PrivacyPolicy.swift in Sources */,
				69C2B5E227984CA10034A440 /* AboutUs.swift in Sources */,
			);
			runOnlyForDeploymentPostprocessing = 0;
		};
/* End PBXSourcesBuildPhase section */

/* Begin XCBuildConfiguration section */
		3FCD8F0C278EE7B1002836FC /* Debug */ = {
			isa = XCBuildConfiguration;
			buildSettings = {
				ALWAYS_SEARCH_USER_PATHS = NO;
				CLANG_ANALYZER_NONNULL = YES;
				CLANG_ANALYZER_NUMBER_OBJECT_CONVERSION = YES_AGGRESSIVE;
				CLANG_CXX_LANGUAGE_STANDARD = "gnu++17";
				CLANG_CXX_LIBRARY = "libc++";
				CLANG_ENABLE_MODULES = YES;
				CLANG_ENABLE_OBJC_ARC = YES;
				CLANG_ENABLE_OBJC_WEAK = YES;
				CLANG_WARN_BLOCK_CAPTURE_AUTORELEASING = YES;
				CLANG_WARN_BOOL_CONVERSION = YES;
				CLANG_WARN_COMMA = YES;
				CLANG_WARN_CONSTANT_CONVERSION = YES;
				CLANG_WARN_DEPRECATED_OBJC_IMPLEMENTATIONS = YES;
				CLANG_WARN_DIRECT_OBJC_ISA_USAGE = YES_ERROR;
				CLANG_WARN_DOCUMENTATION_COMMENTS = YES;
				CLANG_WARN_EMPTY_BODY = YES;
				CLANG_WARN_ENUM_CONVERSION = YES;
				CLANG_WARN_INFINITE_RECURSION = YES;
				CLANG_WARN_INT_CONVERSION = YES;
				CLANG_WARN_NON_LITERAL_NULL_CONVERSION = YES;
				CLANG_WARN_OBJC_IMPLICIT_RETAIN_SELF = YES;
				CLANG_WARN_OBJC_LITERAL_CONVERSION = YES;
				CLANG_WARN_OBJC_ROOT_CLASS = YES_ERROR;
				CLANG_WARN_QUOTED_INCLUDE_IN_FRAMEWORK_HEADER = YES;
				CLANG_WARN_RANGE_LOOP_ANALYSIS = YES;
				CLANG_WARN_STRICT_PROTOTYPES = YES;
				CLANG_WARN_SUSPICIOUS_MOVE = YES;
				CLANG_WARN_UNGUARDED_AVAILABILITY = YES_AGGRESSIVE;
				CLANG_WARN_UNREACHABLE_CODE = YES;
				CLANG_WARN__DUPLICATE_METHOD_MATCH = YES;
				COPY_PHASE_STRIP = NO;
				DEBUG_INFORMATION_FORMAT = dwarf;
				ENABLE_STRICT_OBJC_MSGSEND = YES;
				ENABLE_TESTABILITY = YES;
				GCC_C_LANGUAGE_STANDARD = gnu11;
				GCC_DYNAMIC_NO_PIC = NO;
				GCC_NO_COMMON_BLOCKS = YES;
				GCC_OPTIMIZATION_LEVEL = 0;
				GCC_PREPROCESSOR_DEFINITIONS = (
					"DEBUG=1",
					"$(inherited)",
				);
				GCC_WARN_64_TO_32_BIT_CONVERSION = YES;
				GCC_WARN_ABOUT_RETURN_TYPE = YES_ERROR;
				GCC_WARN_UNDECLARED_SELECTOR = YES;
				GCC_WARN_UNINITIALIZED_AUTOS = YES_AGGRESSIVE;
				GCC_WARN_UNUSED_FUNCTION = YES;
				GCC_WARN_UNUSED_VARIABLE = YES;
				IPHONEOS_DEPLOYMENT_TARGET = 15.0;
				MTL_ENABLE_DEBUG_INFO = INCLUDE_SOURCE;
				MTL_FAST_MATH = YES;
				ONLY_ACTIVE_ARCH = YES;
				SDKROOT = iphoneos;
				SWIFT_ACTIVE_COMPILATION_CONDITIONS = DEBUG;
				SWIFT_OPTIMIZATION_LEVEL = "-Onone";
			};
			name = Debug;
		};
		3FCD8F0D278EE7B1002836FC /* Release */ = {
			isa = XCBuildConfiguration;
			buildSettings = {
				ALWAYS_SEARCH_USER_PATHS = NO;
				CLANG_ANALYZER_NONNULL = YES;
				CLANG_ANALYZER_NUMBER_OBJECT_CONVERSION = YES_AGGRESSIVE;
				CLANG_CXX_LANGUAGE_STANDARD = "gnu++17";
				CLANG_CXX_LIBRARY = "libc++";
				CLANG_ENABLE_MODULES = YES;
				CLANG_ENABLE_OBJC_ARC = YES;
				CLANG_ENABLE_OBJC_WEAK = YES;
				CLANG_WARN_BLOCK_CAPTURE_AUTORELEASING = YES;
				CLANG_WARN_BOOL_CONVERSION = YES;
				CLANG_WARN_COMMA = YES;
				CLANG_WARN_CONSTANT_CONVERSION = YES;
				CLANG_WARN_DEPRECATED_OBJC_IMPLEMENTATIONS = YES;
				CLANG_WARN_DIRECT_OBJC_ISA_USAGE = YES_ERROR;
				CLANG_WARN_DOCUMENTATION_COMMENTS = YES;
				CLANG_WARN_EMPTY_BODY = YES;
				CLANG_WARN_ENUM_CONVERSION = YES;
				CLANG_WARN_INFINITE_RECURSION = YES;
				CLANG_WARN_INT_CONVERSION = YES;
				CLANG_WARN_NON_LITERAL_NULL_CONVERSION = YES;
				CLANG_WARN_OBJC_IMPLICIT_RETAIN_SELF = YES;
				CLANG_WARN_OBJC_LITERAL_CONVERSION = YES;
				CLANG_WARN_OBJC_ROOT_CLASS = YES_ERROR;
				CLANG_WARN_QUOTED_INCLUDE_IN_FRAMEWORK_HEADER = YES;
				CLANG_WARN_RANGE_LOOP_ANALYSIS = YES;
				CLANG_WARN_STRICT_PROTOTYPES = YES;
				CLANG_WARN_SUSPICIOUS_MOVE = YES;
				CLANG_WARN_UNGUARDED_AVAILABILITY = YES_AGGRESSIVE;
				CLANG_WARN_UNREACHABLE_CODE = YES;
				CLANG_WARN__DUPLICATE_METHOD_MATCH = YES;
				COPY_PHASE_STRIP = NO;
				DEBUG_INFORMATION_FORMAT = "dwarf-with-dsym";
				ENABLE_NS_ASSERTIONS = NO;
				ENABLE_STRICT_OBJC_MSGSEND = YES;
				GCC_C_LANGUAGE_STANDARD = gnu11;
				GCC_NO_COMMON_BLOCKS = YES;
				GCC_WARN_64_TO_32_BIT_CONVERSION = YES;
				GCC_WARN_ABOUT_RETURN_TYPE = YES_ERROR;
				GCC_WARN_UNDECLARED_SELECTOR = YES;
				GCC_WARN_UNINITIALIZED_AUTOS = YES_AGGRESSIVE;
				GCC_WARN_UNUSED_FUNCTION = YES;
				GCC_WARN_UNUSED_VARIABLE = YES;
				IPHONEOS_DEPLOYMENT_TARGET = 15.0;
				MTL_ENABLE_DEBUG_INFO = NO;
				MTL_FAST_MATH = YES;
				SDKROOT = iphoneos;
				SWIFT_COMPILATION_MODE = wholemodule;
				SWIFT_OPTIMIZATION_LEVEL = "-O";
				VALIDATE_PRODUCT = YES;
			};
			name = Release;
		};
		3FCD8F0F278EE7B1002836FC /* Debug */ = {
			isa = XCBuildConfiguration;
			buildSettings = {
				ASSETCATALOG_COMPILER_APPICON_NAME = AppIcon;
				ASSETCATALOG_COMPILER_GLOBAL_ACCENT_COLOR_NAME = AccentColor;
				CODE_SIGN_STYLE = Automatic;
				CURRENT_PROJECT_VERSION = 1;
				DEVELOPMENT_ASSET_PATHS = "\"GastosProvider/Preview Content\"";
				DEVELOPMENT_TEAM = PKG8JT532A;
				ENABLE_PREVIEWS = YES;
				GENERATE_INFOPLIST_FILE = YES;
				INFOPLIST_FILE = GastosProvider/Info.plist;
				INFOPLIST_KEY_UIApplicationSceneManifest_Generation = YES;
				INFOPLIST_KEY_UIApplicationSupportsIndirectInputEvents = YES;
				INFOPLIST_KEY_UILaunchScreen_Generation = YES;
				INFOPLIST_KEY_UISupportedInterfaceOrientations_iPad = "UIInterfaceOrientationPortrait UIInterfaceOrientationPortraitUpsideDown UIInterfaceOrientationLandscapeLeft UIInterfaceOrientationLandscapeRight";
				INFOPLIST_KEY_UISupportedInterfaceOrientations_iPhone = "UIInterfaceOrientationPortrait UIInterfaceOrientationLandscapeLeft UIInterfaceOrientationLandscapeRight";
				LD_RUNPATH_SEARCH_PATHS = (
					"$(inherited)",
					"@executable_path/Frameworks",
				);
				MARKETING_VERSION = 1.0;
				PRODUCT_BUNDLE_IDENTIFIER = com.project.GastosProvider;
				PRODUCT_NAME = "$(TARGET_NAME)";
				SWIFT_EMIT_LOC_STRINGS = YES;
				SWIFT_VERSION = 5.0;
				TARGETED_DEVICE_FAMILY = "1,2";
			};
			name = Debug;
		};
		3FCD8F10278EE7B1002836FC /* Release */ = {
			isa = XCBuildConfiguration;
			buildSettings = {
				ASSETCATALOG_COMPILER_APPICON_NAME = AppIcon;
				ASSETCATALOG_COMPILER_GLOBAL_ACCENT_COLOR_NAME = AccentColor;
				CODE_SIGN_STYLE = Automatic;
				CURRENT_PROJECT_VERSION = 1;
				DEVELOPMENT_ASSET_PATHS = "\"GastosProvider/Preview Content\"";
				DEVELOPMENT_TEAM = PKG8JT532A;
				ENABLE_PREVIEWS = YES;
				GENERATE_INFOPLIST_FILE = YES;
				INFOPLIST_FILE = GastosProvider/Info.plist;
				INFOPLIST_KEY_UIApplicationSceneManifest_Generation = YES;
				INFOPLIST_KEY_UIApplicationSupportsIndirectInputEvents = YES;
				INFOPLIST_KEY_UILaunchScreen_Generation = YES;
				INFOPLIST_KEY_UISupportedInterfaceOrientations_iPad = "UIInterfaceOrientationPortrait UIInterfaceOrientationPortraitUpsideDown UIInterfaceOrientationLandscapeLeft UIInterfaceOrientationLandscapeRight";
				INFOPLIST_KEY_UISupportedInterfaceOrientations_iPhone = "UIInterfaceOrientationPortrait UIInterfaceOrientationLandscapeLeft UIInterfaceOrientationLandscapeRight";
				LD_RUNPATH_SEARCH_PATHS = (
					"$(inherited)",
					"@executable_path/Frameworks",
				);
				MARKETING_VERSION = 1.0;
				PRODUCT_BUNDLE_IDENTIFIER = com.project.GastosProvider;
				PRODUCT_NAME = "$(TARGET_NAME)";
				SWIFT_EMIT_LOC_STRINGS = YES;
				SWIFT_VERSION = 5.0;
				TARGETED_DEVICE_FAMILY = "1,2";
			};
			name = Release;
		};
/* End XCBuildConfiguration section */

/* Begin XCConfigurationList section */
		3FCD8EFB278EE7A2002836FC /* Build configuration list for PBXProject "GastosProvider" */ = {
			isa = XCConfigurationList;
			buildConfigurations = (
				3FCD8F0C278EE7B1002836FC /* Debug */,
				3FCD8F0D278EE7B1002836FC /* Release */,
			);
			defaultConfigurationIsVisible = 0;
			defaultConfigurationName = Release;
		};
		3FCD8F0E278EE7B1002836FC /* Build configuration list for PBXNativeTarget "GastosProvider" */ = {
			isa = XCConfigurationList;
			buildConfigurations = (
				3FCD8F0F278EE7B1002836FC /* Debug */,
				3FCD8F10278EE7B1002836FC /* Release */,
			);
			defaultConfigurationIsVisible = 0;
			defaultConfigurationName = Release;
		};
/* End XCConfigurationList section */

/* Begin XCRemoteSwiftPackageReference section */
		698F11F927C343970097E85F /* XCRemoteSwiftPackageReference "firebase-ios-sdk" */ = {
			isa = XCRemoteSwiftPackageReference;
			repositoryURL = "https://github.com/firebase/firebase-ios-sdk.git";
			requirement = {
				kind = upToNextMajorVersion;
				minimumVersion = 8.0.0;
			};
		};
/* End XCRemoteSwiftPackageReference section */

/* Begin XCSwiftPackageProductDependency section */
		698F11FA27C343970097E85F /* FirebaseAuth */ = {
			isa = XCSwiftPackageProductDependency;
			package = 698F11F927C343970097E85F /* XCRemoteSwiftPackageReference "firebase-ios-sdk" */;
			productName = FirebaseAuth;
		};
		698F11FC27C343970097E85F /* FirebaseDatabase */ = {
			isa = XCSwiftPackageProductDependency;
			package = 698F11F927C343970097E85F /* XCRemoteSwiftPackageReference "firebase-ios-sdk" */;
			productName = FirebaseDatabase;
		};
/* End XCSwiftPackageProductDependency section */
	};
	rootObject = 3FCD8EF8278EE7A2002836FC /* Project object */;
}
